
Microsoft Visual Studio Solution File, Format Version 12.00
# Visual Studio Version 16
VisualStudioVersion = 16.0.31624.102
MinimumVisualStudioVersion = 10.0.40219.1
Project("{FAE04EC0-301F-11D3-BF4B-00C04F79EFBC}") = "MTCG", "MTCG\MTCG.csproj", "{A8F0854D-851F-4A3D-BD69-27279B02010F}"
EndProject
Project("{FAE04EC0-301F-11D3-BF4B-00C04F79EFBC}") = "UnitTests", "UnitTests\UnitTests.csproj", "{A31CE6D9-8F4B-4DA3-85E9-E4DC19B03379}"
EndProject
Global
	GlobalSection(SolutionConfigurationPlatforms) = preSolution
		Debug|Any CPU = Debug|Any CPU
		Release|Any CPU = Release|Any CPU
	EndGlobalSection
	GlobalSection(ProjectConfigurationPlatforms) = postSolution
		{A8F0854D-851F-4A3D-BD69-27279B02010F}.Debug|Any CPU.ActiveCfg = Debug|Any CPU
		{A8F0854D-851F-4A3D-BD69-27279B02010F}.Debug|Any CPU.Build.0 = Debug|Any CPU
		{A8F0854D-851F-4A3D-BD69-27279B02010F}.Release|Any CPU.ActiveCfg = Release|Any CPU
		{A8F0854D-851F-4A3D-BD69-27279B02010F}.Release|Any CPU.Build.0 = Release|Any CPU
		{A31CE6D9-8F4B-4DA3-85E9-E4DC19B03379}.Debug|Any CPU.ActiveCfg = Debug|Any CPU
		{A31CE6D9-8F4B-4DA3-85E9-E4DC19B03379}.Debug|Any CPU.Build.0 = Debug|Any CPU
		{A31CE6D9-8F4B-4DA3-85E9-E4DC19B03379}.Release|Any CPU.ActiveCfg = Release|Any CPU
		{A31CE6D9-8F4B-4DA3-85E9-E4DC19B03379}.Release|Any CPU.Build.0 = Release|Any CPU
	EndGlobalSection
	GlobalSection(SolutionProperties) = preSolution
		HideSolutionNode = FALSE
	EndGlobalSection
	GlobalSection(ExtensibilityGlobals) = postSolution
		SolutionGuid = {FEAF9D81-DB14-4D37-AD52-D47CA0D44104}
	EndGlobalSection
EndGlobal
